// !$*UTF8*$!
{
	archiveVersion = 1;
	classes = {
	};
	objectVersion = 56;
	objects = {

/* Begin PBXBuildFile section */
		D0114D292A85EA88009BAA75 /* AppDelegate.swift in Sources */ = {isa = PBXBuildFile; fileRef = D0114D282A85EA88009BAA75 /* AppDelegate.swift */; };
		D0114D2B2A85EA88009BAA75 /* SceneDelegate.swift in Sources */ = {isa = PBXBuildFile; fileRef = D0114D2A2A85EA88009BAA75 /* SceneDelegate.swift */; };
		D0114D2D2A85EA88009BAA75 /* HomeViewController.swift in Sources */ = {isa = PBXBuildFile; fileRef = D0114D2C2A85EA88009BAA75 /* HomeViewController.swift */; };
		D0114D302A85EA88009BAA75 /* Main.storyboard in Resources */ = {isa = PBXBuildFile; fileRef = D0114D2E2A85EA88009BAA75 /* Main.storyboard */; };
		D0114D322A85EA89009BAA75 /* Assets.xcassets in Resources */ = {isa = PBXBuildFile; fileRef = D0114D312A85EA89009BAA75 /* Assets.xcassets */; };
		D0114D352A85EA89009BAA75 /* LaunchScreen.storyboard in Resources */ = {isa = PBXBuildFile; fileRef = D0114D332A85EA89009BAA75 /* LaunchScreen.storyboard */; };
		D0114D3D2A85EAC4009BAA75 /* GoogleService-Info.plist in Resources */ = {isa = PBXBuildFile; fileRef = D0114D3C2A85EAC4009BAA75 /* GoogleService-Info.plist */; };
		D0114D402A85EB30009BAA75 /* FirebaseAnalytics in Frameworks */ = {isa = PBXBuildFile; productRef = D0114D3F2A85EB30009BAA75 /* FirebaseAnalytics */; };
		D0114D422A85EB30009BAA75 /* FirebaseAuth in Frameworks */ = {isa = PBXBuildFile; productRef = D0114D412A85EB30009BAA75 /* FirebaseAuth */; };
		D0114D442A85EB30009BAA75 /* FirebaseCrashlytics in Frameworks */ = {isa = PBXBuildFile; productRef = D0114D432A85EB30009BAA75 /* FirebaseCrashlytics */; };
		D0114D462A85EB30009BAA75 /* FirebaseFirestore in Frameworks */ = {isa = PBXBuildFile; productRef = D0114D452A85EB30009BAA75 /* FirebaseFirestore */; };
		D0114D482A85EB30009BAA75 /* FirebaseMessaging in Frameworks */ = {isa = PBXBuildFile; productRef = D0114D472A85EB30009BAA75 /* FirebaseMessaging */; };
		D0114D4A2A85EB30009BAA75 /* FirebaseRemoteConfig in Frameworks */ = {isa = PBXBuildFile; productRef = D0114D492A85EB30009BAA75 /* FirebaseRemoteConfig */; };
		D0114D4C2A85EB30009BAA75 /* FirebaseStorage in Frameworks */ = {isa = PBXBuildFile; productRef = D0114D4B2A85EB30009BAA75 /* FirebaseStorage */; };
		D0BBF6B22A8D116B00FE0986 /* Information.swift in Sources */ = {isa = PBXBuildFile; fileRef = D0BBF6B12A8D116B00FE0986 /* Information.swift */; };
		D0BBF6B42A8E6F0F00FE0986 /* LoginViewController.swift in Sources */ = {isa = PBXBuildFile; fileRef = D0BBF6B32A8E6F0F00FE0986 /* LoginViewController.swift */; };
		D0CED0802A92762F00119D7D /* ImageManageViewController.swift in Sources */ = {isa = PBXBuildFile; fileRef = D0CED07F2A92762F00119D7D /* ImageManageViewController.swift */; };
		D0CED0822A945ECC00119D7D /* SignUpViewController.swift in Sources */ = {isa = PBXBuildFile; fileRef = D0CED0812A945ECC00119D7D /* SignUpViewController.swift */; };
		D0CED0842A9466B700119D7D /* MainViewController.swift in Sources */ = {isa = PBXBuildFile; fileRef = D0CED0832A9466B700119D7D /* MainViewController.swift */; };
		D0CED0872A946CE700119D7D /* GoogleSignIn in Frameworks */ = {isa = PBXBuildFile; productRef = D0CED0862A946CE700119D7D /* GoogleSignIn */; };
		D0CED0892A946CE700119D7D /* GoogleSignInSwift in Frameworks */ = {isa = PBXBuildFile; productRef = D0CED0882A946CE700119D7D /* GoogleSignInSwift */; };
/* End PBXBuildFile section */

/* Begin PBXFileReference section */
		D0114D252A85EA88009BAA75 /* FireBaseEx.app */ = {isa = PBXFileReference; explicitFileType = wrapper.application; includeInIndex = 0; path = FireBaseEx.app; sourceTree = BUILT_PRODUCTS_DIR; };
		D0114D282A85EA88009BAA75 /* AppDelegate.swift */ = {isa = PBXFileReference; lastKnownFileType = sourcecode.swift; path = AppDelegate.swift; sourceTree = "<group>"; };
		D0114D2A2A85EA88009BAA75 /* SceneDelegate.swift */ = {isa = PBXFileReference; lastKnownFileType = sourcecode.swift; path = SceneDelegate.swift; sourceTree = "<group>"; };
		D0114D2C2A85EA88009BAA75 /* HomeViewController.swift */ = {isa = PBXFileReference; lastKnownFileType = sourcecode.swift; path = HomeViewController.swift; sourceTree = "<group>"; };
		D0114D2F2A85EA88009BAA75 /* Base */ = {isa = PBXFileReference; lastKnownFileType = file.storyboard; name = Base; path = Base.lproj/Main.storyboard; sourceTree = "<group>"; };
		D0114D312A85EA89009BAA75 /* Assets.xcassets */ = {isa = PBXFileReference; lastKnownFileType = folder.assetcatalog; path = Assets.xcassets; sourceTree = "<group>"; };
		D0114D342A85EA89009BAA75 /* Base */ = {isa = PBXFileReference; lastKnownFileType = file.storyboard; name = Base; path = Base.lproj/LaunchScreen.storyboard; sourceTree = "<group>"; };
		D0114D362A85EA89009BAA75 /* Info.plist */ = {isa = PBXFileReference; lastKnownFileType = text.plist.xml; path = Info.plist; sourceTree = "<group>"; };
		D0114D3C2A85EAC4009BAA75 /* GoogleService-Info.plist */ = {isa = PBXFileReference; fileEncoding = 4; lastKnownFileType = text.plist.xml; path = "GoogleService-Info.plist"; sourceTree = "<group>"; };
		D0BBF6B12A8D116B00FE0986 /* Information.swift */ = {isa = PBXFileReference; lastKnownFileType = sourcecode.swift; path = Information.swift; sourceTree = "<group>"; };
		D0BBF6B32A8E6F0F00FE0986 /* LoginViewController.swift */ = {isa = PBXFileReference; lastKnownFileType = sourcecode.swift; path = LoginViewController.swift; sourceTree = "<group>"; };
		D0CED07F2A92762F00119D7D /* ImageManageViewController.swift */ = {isa = PBXFileReference; lastKnownFileType = sourcecode.swift; path = ImageManageViewController.swift; sourceTree = "<group>"; };
		D0CED0812A945ECC00119D7D /* SignUpViewController.swift */ = {isa = PBXFileReference; lastKnownFileType = sourcecode.swift; path = SignUpViewController.swift; sourceTree = "<group>"; };
		D0CED0832A9466B700119D7D /* MainViewController.swift */ = {isa = PBXFileReference; lastKnownFileType = sourcecode.swift; path = MainViewController.swift; sourceTree = "<group>"; };
/* End PBXFileReference section */

/* Begin PBXFrameworksBuildPhase section */
		D0114D222A85EA88009BAA75 /* Frameworks */ = {
			isa = PBXFrameworksBuildPhase;
			buildActionMask = 2147483647;
			files = (
				D0CED0892A946CE700119D7D /* GoogleSignInSwift in Frameworks */,
				D0114D442A85EB30009BAA75 /* FirebaseCrashlytics in Frameworks */,
				D0CED0872A946CE700119D7D /* GoogleSignIn in Frameworks */,
				D0114D462A85EB30009BAA75 /* FirebaseFirestore in Frameworks */,
				D0114D482A85EB30009BAA75 /* FirebaseMessaging in Frameworks */,
				D0114D4A2A85EB30009BAA75 /* FirebaseRemoteConfig in Frameworks */,
				D0114D4C2A85EB30009BAA75 /* FirebaseStorage in Frameworks */,
				D0114D402A85EB30009BAA75 /* FirebaseAnalytics in Frameworks */,
				D0114D422A85EB30009BAA75 /* FirebaseAuth in Frameworks */,
			);
			runOnlyForDeploymentPostprocessing = 0;
		};
/* End PBXFrameworksBuildPhase section */

/* Begin PBXGroup section */
		D0114D1C2A85EA88009BAA75 = {
			isa = PBXGroup;
			children = (
				D0114D272A85EA88009BAA75 /* FireBaseEx */,
				D0114D262A85EA88009BAA75 /* Products */,
			);
			sourceTree = "<group>";
		};
		D0114D262A85EA88009BAA75 /* Products */ = {
			isa = PBXGroup;
			children = (
				D0114D252A85EA88009BAA75 /* FireBaseEx.app */,
			);
			name = Products;
			sourceTree = "<group>";
		};
		D0114D272A85EA88009BAA75 /* FireBaseEx */ = {
			isa = PBXGroup;
			children = (
				D0114D282A85EA88009BAA75 /* AppDelegate.swift */,
				D0114D2A2A85EA88009BAA75 /* SceneDelegate.swift */,
				D0114D2C2A85EA88009BAA75 /* HomeViewController.swift */,
				D0BBF6B32A8E6F0F00FE0986 /* LoginViewController.swift */,
				D0CED07F2A92762F00119D7D /* ImageManageViewController.swift */,
				D0CED0812A945ECC00119D7D /* SignUpViewController.swift */,
				D0CED0832A9466B700119D7D /* MainViewController.swift */,
				D0BBF6B12A8D116B00FE0986 /* Information.swift */,
				D0114D2E2A85EA88009BAA75 /* Main.storyboard */,
				D0114D312A85EA89009BAA75 /* Assets.xcassets */,
				D0114D332A85EA89009BAA75 /* LaunchScreen.storyboard */,
				D0114D362A85EA89009BAA75 /* Info.plist */,
				D0114D3C2A85EAC4009BAA75 /* GoogleService-Info.plist */,
			);
			path = FireBaseEx;
			sourceTree = "<group>";
		};
/* End PBXGroup section */

/* Begin PBXNativeTarget section */
		D0114D242A85EA88009BAA75 /* FireBaseEx */ = {
			isa = PBXNativeTarget;
			buildConfigurationList = D0114D392A85EA89009BAA75 /* Build configuration list for PBXNativeTarget "FireBaseEx" */;
			buildPhases = (
				D0114D212A85EA88009BAA75 /* Sources */,
				D0114D222A85EA88009BAA75 /* Frameworks */,
				D0114D232A85EA88009BAA75 /* Resources */,
			);
			buildRules = (
			);
			dependencies = (
			);
			name = FireBaseEx;
			packageProductDependencies = (
				D0114D3F2A85EB30009BAA75 /* FirebaseAnalytics */,
				D0114D412A85EB30009BAA75 /* FirebaseAuth */,
				D0114D432A85EB30009BAA75 /* FirebaseCrashlytics */,
				D0114D452A85EB30009BAA75 /* FirebaseFirestore */,
				D0114D472A85EB30009BAA75 /* FirebaseMessaging */,
				D0114D492A85EB30009BAA75 /* FirebaseRemoteConfig */,
				D0114D4B2A85EB30009BAA75 /* FirebaseStorage */,
				D0CED0862A946CE700119D7D /* GoogleSignIn */,
				D0CED0882A946CE700119D7D /* GoogleSignInSwift */,
			);
			productName = FireBaseEx;
			productReference = D0114D252A85EA88009BAA75 /* FireBaseEx.app */;
			productType = "com.apple.product-type.application";
		};
/* End PBXNativeTarget section */

/* Begin PBXProject section */
		D0114D1D2A85EA88009BAA75 /* Project object */ = {
			isa = PBXProject;
			attributes = {
				BuildIndependentTargetsInParallel = 1;
				LastSwiftUpdateCheck = 1420;
				LastUpgradeCheck = 1420;
				TargetAttributes = {
					D0114D242A85EA88009BAA75 = {
						CreatedOnToolsVersion = 14.2;
					};
				};
			};
			buildConfigurationList = D0114D202A85EA88009BAA75 /* Build configuration list for PBXProject "FireBaseEx" */;
			compatibilityVersion = "Xcode 14.0";
			developmentRegion = en;
			hasScannedForEncodings = 0;
			knownRegions = (
				en,
				Base,
			);
			mainGroup = D0114D1C2A85EA88009BAA75;
			packageReferences = (
				D0114D3E2A85EB30009BAA75 /* XCRemoteSwiftPackageReference "firebase-ios-sdk" */,
				D0CED0852A946CE700119D7D /* XCRemoteSwiftPackageReference "GoogleSignIn-iOS" */,
			);
			productRefGroup = D0114D262A85EA88009BAA75 /* Products */;
			projectDirPath = "";
			projectRoot = "";
			targets = (
				D0114D242A85EA88009BAA75 /* FireBaseEx */,
			);
		};
/* End PBXProject section */

/* Begin PBXResourcesBuildPhase section */
		D0114D232A85EA88009BAA75 /* Resources */ = {
			isa = PBXResourcesBuildPhase;
			buildActionMask = 2147483647;
			files = (
				D0114D3D2A85EAC4009BAA75 /* GoogleService-Info.plist in Resources */,
				D0114D352A85EA89009BAA75 /* LaunchScreen.storyboard in Resources */,
				D0114D322A85EA89009BAA75 /* Assets.xcassets in Resources */,
				D0114D302A85EA88009BAA75 /* Main.storyboard in Resources */,
			);
			runOnlyForDeploymentPostprocessing = 0;
		};
/* End PBXResourcesBuildPhase section */

/* Begin PBXSourcesBuildPhase section */
		D0114D212A85EA88009BAA75 /* Sources */ = {
			isa = PBXSourcesBuildPhase;
			buildActionMask = 2147483647;
			files = (
				D0114D2D2A85EA88009BAA75 /* HomeViewController.swift in Sources */,
				D0CED0822A945ECC00119D7D /* SignUpViewController.swift in Sources */,
				D0114D292A85EA88009BAA75 /* AppDelegate.swift in Sources */,
				D0BBF6B22A8D116B00FE0986 /* Information.swift in Sources */,
				D0CED0802A92762F00119D7D /* ImageManageViewController.swift in Sources */,
				D0BBF6B42A8E6F0F00FE0986 /* LoginViewController.swift in Sources */,
				D0114D2B2A85EA88009BAA75 /* SceneDelegate.swift in Sources */,
				D0CED0842A9466B700119D7D /* MainViewController.swift in Sources */,
			);
			runOnlyForDeploymentPostprocessing = 0;
		};
/* End PBXSourcesBuildPhase section */

/* Begin PBXVariantGroup section */
		D0114D2E2A85EA88009BAA75 /* Main.storyboard */ = {
			isa = PBXVariantGroup;
			children = (
				D0114D2F2A85EA88009BAA75 /* Base */,
			);
			name = Main.storyboard;
			sourceTree = "<group>";
		};
		D0114D332A85EA89009BAA75 /* LaunchScreen.storyboard */ = {
			isa = PBXVariantGroup;
			children = (
				D0114D342A85EA89009BAA75 /* Base */,
			);
			name = LaunchScreen.storyboard;
			sourceTree = "<group>";
		};
/* End PBXVariantGroup section */

/* Begin XCBuildConfiguration section */
		D0114D372A85EA89009BAA75 /* Debug */ = {
			isa = XCBuildConfiguration;
			buildSettings = {
				ALWAYS_SEARCH_USER_PATHS = NO;
				CLANG_ANALYZER_NONNULL = YES;
				CLANG_ANALYZER_NUMBER_OBJECT_CONVERSION = YES_AGGRESSIVE;
				CLANG_CXX_LANGUAGE_STANDARD = "gnu++20";
				CLANG_ENABLE_MODULES = YES;
				CLANG_ENABLE_OBJC_ARC = YES;
				CLANG_ENABLE_OBJC_WEAK = YES;
				CLANG_WARN_BLOCK_CAPTURE_AUTORELEASING = YES;
				CLANG_WARN_BOOL_CONVERSION = YES;
				CLANG_WARN_COMMA = YES;
				CLANG_WARN_CONSTANT_CONVERSION = YES;
				CLANG_WARN_DEPRECATED_OBJC_IMPLEMENTATIONS = YES;
				CLANG_WARN_DIRECT_OBJC_ISA_USAGE = YES_ERROR;
				CLANG_WARN_DOCUMENTATION_COMMENTS = YES;
				CLANG_WARN_EMPTY_BODY = YES;
				CLANG_WARN_ENUM_CONVERSION = YES;
				CLANG_WARN_INFINITE_RECURSION = YES;
				CLANG_WARN_INT_CONVERSION = YES;
				CLANG_WARN_NON_LITERAL_NULL_CONVERSION = YES;
				CLANG_WARN_OBJC_IMPLICIT_RETAIN_SELF = YES;
				CLANG_WARN_OBJC_LITERAL_CONVERSION = YES;
				CLANG_WARN_OBJC_ROOT_CLASS = YES_ERROR;
				CLANG_WARN_QUOTED_INCLUDE_IN_FRAMEWORK_HEADER = YES;
				CLANG_WARN_RANGE_LOOP_ANALYSIS = YES;
				CLANG_WARN_STRICT_PROTOTYPES = YES;
				CLANG_WARN_SUSPICIOUS_MOVE = YES;
				CLANG_WARN_UNGUARDED_AVAILABILITY = YES_AGGRESSIVE;
				CLANG_WARN_UNREACHABLE_CODE = YES;
				CLANG_WARN__DUPLICATE_METHOD_MATCH = YES;
				COPY_PHASE_STRIP = NO;
				DEBUG_INFORMATION_FORMAT = dwarf;
				ENABLE_STRICT_OBJC_MSGSEND = YES;
				ENABLE_TESTABILITY = YES;
				GCC_C_LANGUAGE_STANDARD = gnu11;
				GCC_DYNAMIC_NO_PIC = NO;
				GCC_NO_COMMON_BLOCKS = YES;
				GCC_OPTIMIZATION_LEVEL = 0;
				GCC_PREPROCESSOR_DEFINITIONS = (
					"DEBUG=1",
					"$(inherited)",
				);
				GCC_WARN_64_TO_32_BIT_CONVERSION = YES;
				GCC_WARN_ABOUT_RETURN_TYPE = YES_ERROR;
				GCC_WARN_UNDECLARED_SELECTOR = YES;
				GCC_WARN_UNINITIALIZED_AUTOS = YES_AGGRESSIVE;
				GCC_WARN_UNUSED_FUNCTION = YES;
				GCC_WARN_UNUSED_VARIABLE = YES;
				IPHONEOS_DEPLOYMENT_TARGET = 16.2;
				MTL_ENABLE_DEBUG_INFO = INCLUDE_SOURCE;
				MTL_FAST_MATH = YES;
				ONLY_ACTIVE_ARCH = YES;
				SDKROOT = iphoneos;
				SWIFT_ACTIVE_COMPILATION_CONDITIONS = DEBUG;
				SWIFT_OPTIMIZATION_LEVEL = "-Onone";
			};
			name = Debug;
		};
		D0114D382A85EA89009BAA75 /* Release */ = {
			isa = XCBuildConfiguration;
			buildSettings = {
				ALWAYS_SEARCH_USER_PATHS = NO;
				CLANG_ANALYZER_NONNULL = YES;
				CLANG_ANALYZER_NUMBER_OBJECT_CONVERSION = YES_AGGRESSIVE;
				CLANG_CXX_LANGUAGE_STANDARD = "gnu++20";
				CLANG_ENABLE_MODULES = YES;
				CLANG_ENABLE_OBJC_ARC = YES;
				CLANG_ENABLE_OBJC_WEAK = YES;
				CLANG_WARN_BLOCK_CAPTURE_AUTORELEASING = YES;
				CLANG_WARN_BOOL_CONVERSION = YES;
				CLANG_WARN_COMMA = YES;
				CLANG_WARN_CONSTANT_CONVERSION = YES;
				CLANG_WARN_DEPRECATED_OBJC_IMPLEMENTATIONS = YES;
				CLANG_WARN_DIRECT_OBJC_ISA_USAGE = YES_ERROR;
				CLANG_WARN_DOCUMENTATION_COMMENTS = YES;
				CLANG_WARN_EMPTY_BODY = YES;
				CLANG_WARN_ENUM_CONVERSION = YES;
				CLANG_WARN_INFINITE_RECURSION = YES;
				CLANG_WARN_INT_CONVERSION = YES;
				CLANG_WARN_NON_LITERAL_NULL_CONVERSION = YES;
				CLANG_WARN_OBJC_IMPLICIT_RETAIN_SELF = YES;
				CLANG_WARN_OBJC_LITERAL_CONVERSION = YES;
				CLANG_WARN_OBJC_ROOT_CLASS = YES_ERROR;
				CLANG_WARN_QUOTED_INCLUDE_IN_FRAMEWORK_HEADER = YES;
				CLANG_WARN_RANGE_LOOP_ANALYSIS = YES;
				CLANG_WARN_STRICT_PROTOTYPES = YES;
				CLANG_WARN_SUSPICIOUS_MOVE = YES;
				CLANG_WARN_UNGUARDED_AVAILABILITY = YES_AGGRESSIVE;
				CLANG_WARN_UNREACHABLE_CODE = YES;
				CLANG_WARN__DUPLICATE_METHOD_MATCH = YES;
				COPY_PHASE_STRIP = NO;
				DEBUG_INFORMATION_FORMAT = "dwarf-with-dsym";
				ENABLE_NS_ASSERTIONS = NO;
				ENABLE_STRICT_OBJC_MSGSEND = YES;
				GCC_C_LANGUAGE_STANDARD = gnu11;
				GCC_NO_COMMON_BLOCKS = YES;
				GCC_WARN_64_TO_32_BIT_CONVERSION = YES;
				GCC_WARN_ABOUT_RETURN_TYPE = YES_ERROR;
				GCC_WARN_UNDECLARED_SELECTOR = YES;
				GCC_WARN_UNINITIALIZED_AUTOS = YES_AGGRESSIVE;
				GCC_WARN_UNUSED_FUNCTION = YES;
				GCC_WARN_UNUSED_VARIABLE = YES;
				IPHONEOS_DEPLOYMENT_TARGET = 16.2;
				MTL_ENABLE_DEBUG_INFO = NO;
				MTL_FAST_MATH = YES;
				SDKROOT = iphoneos;
				SWIFT_COMPILATION_MODE = wholemodule;
				SWIFT_OPTIMIZATION_LEVEL = "-O";
				VALIDATE_PRODUCT = YES;
			};
			name = Release;
		};
		D0114D3A2A85EA89009BAA75 /* Debug */ = {
			isa = XCBuildConfiguration;
			buildSettings = {
				ASSETCATALOG_COMPILER_APPICON_NAME = AppIcon;
				ASSETCATALOG_COMPILER_GLOBAL_ACCENT_COLOR_NAME = AccentColor;
				CODE_SIGN_STYLE = Automatic;
				CURRENT_PROJECT_VERSION = 1;
				DEVELOPMENT_TEAM = 66BU7QGW7Z;
				GENERATE_INFOPLIST_FILE = YES;
				INFOPLIST_FILE = FireBaseEx/Info.plist;
				INFOPLIST_KEY_UIApplicationSupportsIndirectInputEvents = YES;
				INFOPLIST_KEY_UILaunchStoryboardName = LaunchScreen;
				INFOPLIST_KEY_UIMainStoryboardFile = Main;
				INFOPLIST_KEY_UISupportedInterfaceOrientations_iPad = "UIInterfaceOrientationPortrait UIInterfaceOrientationPortraitUpsideDown UIInterfaceOrientationLandscapeLeft UIInterfaceOrientationLandscapeRight";
				INFOPLIST_KEY_UISupportedInterfaceOrientations_iPhone = "UIInterfaceOrientationPortrait UIInterfaceOrientationLandscapeLeft UIInterfaceOrientationLandscapeRight";
				LD_RUNPATH_SEARCH_PATHS = (
					"$(inherited)",
					"@executable_path/Frameworks",
				);
				MARKETING_VERSION = 1.0;
				PRODUCT_BUNDLE_IDENTIFIER = stu.inu.201802766.FireBaseEx;
				PRODUCT_NAME = "$(TARGET_NAME)";
				SWIFT_EMIT_LOC_STRINGS = YES;
				SWIFT_VERSION = 5.0;
				TARGETED_DEVICE_FAMILY = "1,2";
			};
			name = Debug;
		};
		D0114D3B2A85EA89009BAA75 /* Release */ = {
			isa = XCBuildConfiguration;
			buildSettings = {
				ASSETCATALOG_COMPILER_APPICON_NAME = AppIcon;
				ASSETCATALOG_COMPILER_GLOBAL_ACCENT_COLOR_NAME = AccentColor;
				CODE_SIGN_STYLE = Automatic;
				CURRENT_PROJECT_VERSION = 1;
				DEVELOPMENT_TEAM = 66BU7QGW7Z;
				GENERATE_INFOPLIST_FILE = YES;
				INFOPLIST_FILE = FireBaseEx/Info.plist;
				INFOPLIST_KEY_UIApplicationSupportsIndirectInputEvents = YES;
				INFOPLIST_KEY_UILaunchStoryboardName = LaunchScreen;
				INFOPLIST_KEY_UIMainStoryboardFile = Main;
				INFOPLIST_KEY_UISupportedInterfaceOrientations_iPad = "UIInterfaceOrientationPortrait UIInterfaceOrientationPortraitUpsideDown UIInterfaceOrientationLandscapeLeft UIInterfaceOrientationLandscapeRight";
				INFOPLIST_KEY_UISupportedInterfaceOrientations_iPhone = "UIInterfaceOrientationPortrait UIInterfaceOrientationLandscapeLeft UIInterfaceOrientationLandscapeRight";
				LD_RUNPATH_SEARCH_PATHS = (
					"$(inherited)",
					"@executable_path/Frameworks",
				);
				MARKETING_VERSION = 1.0;
				PRODUCT_BUNDLE_IDENTIFIER = stu.inu.201802766.FireBaseEx;
				PRODUCT_NAME = "$(TARGET_NAME)";
				SWIFT_EMIT_LOC_STRINGS = YES;
				SWIFT_VERSION = 5.0;
				TARGETED_DEVICE_FAMILY = "1,2";
			};
			name = Release;
		};
/* End XCBuildConfiguration section */

/* Begin XCConfigurationList section */
		D0114D202A85EA88009BAA75 /* Build configuration list for PBXProject "FireBaseEx" */ = {
			isa = XCConfigurationList;
			buildConfigurations = (
				D0114D372A85EA89009BAA75 /* Debug */,
				D0114D382A85EA89009BAA75 /* Release */,
			);
			defaultConfigurationIsVisible = 0;
			defaultConfigurationName = Release;
		};
		D0114D392A85EA89009BAA75 /* Build configuration list for PBXNativeTarget "FireBaseEx" */ = {
			isa = XCConfigurationList;
			buildConfigurations = (
				D0114D3A2A85EA89009BAA75 /* Debug */,
				D0114D3B2A85EA89009BAA75 /* Release */,
			);
			defaultConfigurationIsVisible = 0;
			defaultConfigurationName = Release;
		};
/* End XCConfigurationList section */

/* Begin XCRemoteSwiftPackageReference section */
		D0114D3E2A85EB30009BAA75 /* XCRemoteSwiftPackageReference "firebase-ios-sdk" */ = {
			isa = XCRemoteSwiftPackageReference;
			repositoryURL = "https://github.com/firebase/firebase-ios-sdk";
			requirement = {
				branch = master;
				kind = branch;
			};
		};
		D0CED0852A946CE700119D7D /* XCRemoteSwiftPackageReference "GoogleSignIn-iOS" */ = {
			isa = XCRemoteSwiftPackageReference;
			repositoryURL = "https://github.com/google/GoogleSignIn-iOS";
			requirement = {
				kind = upToNextMajorVersion;
				minimumVersion = 7.0.0;
			};
		};
/* End XCRemoteSwiftPackageReference section */

/* Begin XCSwiftPackageProductDependency section */
		D0114D3F2A85EB30009BAA75 /* FirebaseAnalytics */ = {
			isa = XCSwiftPackageProductDependency;
			package = D0114D3E2A85EB30009BAA75 /* XCRemoteSwiftPackageReference "firebase-ios-sdk" */;
			productName = FirebaseAnalytics;
		};
		D0114D412A85EB30009BAA75 /* FirebaseAuth */ = {
			isa = XCSwiftPackageProductDependency;
			package = D0114D3E2A85EB30009BAA75 /* XCRemoteSwiftPackageReference "firebase-ios-sdk" */;
			productName = FirebaseAuth;
		};
		D0114D432A85EB30009BAA75 /* FirebaseCrashlytics */ = {
			isa = XCSwiftPackageProductDependency;
			package = D0114D3E2A85EB30009BAA75 /* XCRemoteSwiftPackageReference "firebase-ios-sdk" */;
			productName = FirebaseCrashlytics;
		};
		D0114D452A85EB30009BAA75 /* FirebaseFirestore */ = {
			isa = XCSwiftPackageProductDependency;
			package = D0114D3E2A85EB30009BAA75 /* XCRemoteSwiftPackageReference "firebase-ios-sdk" */;
			productName = FirebaseFirestore;
		};
		D0114D472A85EB30009BAA75 /* FirebaseMessaging */ = {
			isa = XCSwiftPackageProductDependency;
			package = D0114D3E2A85EB30009BAA75 /* XCRemoteSwiftPackageReference "firebase-ios-sdk" */;
			productName = FirebaseMessaging;
		};
		D0114D492A85EB30009BAA75 /* FirebaseRemoteConfig */ = {
			isa = XCSwiftPackageProductDependency;
			package = D0114D3E2A85EB30009BAA75 /* XCRemoteSwiftPackageReference "firebase-ios-sdk" */;
			productName = FirebaseRemoteConfig;
		};
		D0114D4B2A85EB30009BAA75 /* FirebaseStorage */ = {
			isa = XCSwiftPackageProductDependency;
			package = D0114D3E2A85EB30009BAA75 /* XCRemoteSwiftPackageReference "firebase-ios-sdk" */;
			productName = FirebaseStorage;
		};
		D0CED0862A946CE700119D7D /* GoogleSignIn */ = {
			isa = XCSwiftPackageProductDependency;
			package = D0CED0852A946CE700119D7D /* XCRemoteSwiftPackageReference "GoogleSignIn-iOS" */;
			productName = GoogleSignIn;
		};
		D0CED0882A946CE700119D7D /* GoogleSignInSwift */ = {
			isa = XCSwiftPackageProductDependency;
			package = D0CED0852A946CE700119D7D /* XCRemoteSwiftPackageReference "GoogleSignIn-iOS" */;
			productName = GoogleSignInSwift;
		};
/* End XCSwiftPackageProductDependency section */
	};
	rootObject = D0114D1D2A85EA88009BAA75 /* Project object */;
}
